
Microsoft Visual Studio Solution File, Format Version 12.00
# Visual Studio Version 17
VisualStudioVersion = 17.5.33414.496
MinimumVisualStudioVersion = 10.0.40219.1
Project("{9A19103F-16F7-4668-BE54-9A1E7A4F7556}") = "Sale_System", "Sale_System\Sale_System.csproj", "{30B42B1E-96B1-4CCA-950D-273E93EE9F0F}"
EndProject
Project("{FAE04EC0-301F-11D3-BF4B-00C04F79EFBC}") = "Sale_System.Tests", "Sale_System.Tests\Sale_System.Tests.csproj", "{3ADFE488-1A4E-47B6-8DF9-323BDCC54C8F}"
EndProject
Global
	GlobalSection(SolutionConfigurationPlatforms) = preSolution
		Debug|Any CPU = Debug|Any CPU
		Release|Any CPU = Release|Any CPU
	EndGlobalSection
	GlobalSection(ProjectConfigurationPlatforms) = postSolution
		{30B42B1E-96B1-4CCA-950D-273E93EE9F0F}.Debug|Any CPU.ActiveCfg = Debug|Any CPU
		{30B42B1E-96B1-4CCA-950D-273E93EE9F0F}.Debug|Any CPU.Build.0 = Debug|Any CPU
		{30B42B1E-96B1-4CCA-950D-273E93EE9F0F}.Release|Any CPU.ActiveCfg = Release|Any CPU
		{30B42B1E-96B1-4CCA-950D-273E93EE9F0F}.Release|Any CPU.Build.0 = Release|Any CPU
		{3ADFE488-1A4E-47B6-8DF9-323BDCC54C8F}.Debug|Any CPU.ActiveCfg = Debug|Any CPU
		{3ADFE488-1A4E-47B6-8DF9-323BDCC54C8F}.Debug|Any CPU.Build.0 = Debug|Any CPU
		{3ADFE488-1A4E-47B6-8DF9-323BDCC54C8F}.Release|Any CPU.ActiveCfg = Release|Any CPU
		{3ADFE488-1A4E-47B6-8DF9-323BDCC54C8F}.Release|Any CPU.Build.0 = Release|Any CPU
	EndGlobalSection
	GlobalSection(SolutionProperties) = preSolution
		HideSolutionNode = FALSE
	EndGlobalSection
	GlobalSection(ExtensibilityGlobals) = postSolution
		SolutionGuid = {965BE006-AD88-4ACD-A887-3A5363B2C7F7}
	EndGlobalSection
EndGlobal
